
Microsoft Visual Studio Solution File, Format Version 12.00
# Visual Studio Version 17
VisualStudioVersion = 17.7.34009.444
MinimumVisualStudioVersion = 10.0.40219.1
Project("{9A19103F-16F7-4668-BE54-9A1E7A4F7556}") = "Practice01", "Practice01\Practice01.csproj", "{A63D5E5C-FDCF-4EC6-8862-051623AFF9C0}"
EndProject
Project("{9A19103F-16F7-4668-BE54-9A1E7A4F7556}") = "Practice01.Desktop", "Practice01.Desktop\Practice01.Desktop.csproj", "{61B4B89F-991E-4A1E-BB5B-97F34625F5B7}"
EndProject
Global
	GlobalSection(SolutionConfigurationPlatforms) = preSolution
		Debug|Any CPU = Debug|Any CPU
		Release|Any CPU = Release|Any CPU
	EndGlobalSection
	GlobalSection(ProjectConfigurationPlatforms) = postSolution
		{A63D5E5C-FDCF-4EC6-8862-051623AFF9C0}.Debug|Any CPU.ActiveCfg = Debug|Any CPU
		{A63D5E5C-FDCF-4EC6-8862-051623AFF9C0}.Debug|Any CPU.Build.0 = Debug|Any CPU
		{A63D5E5C-FDCF-4EC6-8862-051623AFF9C0}.Release|Any CPU.ActiveCfg = Release|Any CPU
		{A63D5E5C-FDCF-4EC6-8862-051623AFF9C0}.Release|Any CPU.Build.0 = Release|Any CPU
		{61B4B89F-991E-4A1E-BB5B-97F34625F5B7}.Debug|Any CPU.ActiveCfg = Debug|Any CPU
		{61B4B89F-991E-4A1E-BB5B-97F34625F5B7}.Debug|Any CPU.Build.0 = Debug|Any CPU
		{61B4B89F-991E-4A1E-BB5B-97F34625F5B7}.Release|Any CPU.ActiveCfg = Release|Any CPU
		{61B4B89F-991E-4A1E-BB5B-97F34625F5B7}.Release|Any CPU.Build.0 = Release|Any CPU
	EndGlobalSection
	GlobalSection(SolutionProperties) = preSolution
		HideSolutionNode = FALSE
	EndGlobalSection
	GlobalSection(ExtensibilityGlobals) = postSolution
		SolutionGuid = {2F8D5989-D89B-43BD-9379-5B3EB13A8001}
	EndGlobalSection
EndGlobal
